# THIS IS AN AUTOGENERATED FILE. DO NOT EDIT THIS FILE DIRECTLY.
# yarn lockfile v1


vue-class-component@^7.1.0:
  version "7.2.2"
  resolved "https://registry.npm.taobao.org/vue-class-component/download/vue-class-component-7.2.2.tgz#aecc6d28801f64c61eb04407cf3a5476da26b0c0"
  integrity sha1-rsxtKIAfZMYesEQHzzpUdtomsMA=

vue-property-decorator@^8.4.0:
  version "8.4.0"
  resolved "https://registry.npm.taobao.org/vue-property-decorator/download/vue-property-decorator-8.4.0.tgz#f4e641f84ca51a7b4721e236392a1efbb6eac00b"
  integrity sha1-9OZB+EylGntHIeI2OSoe+7bqwAs=
  dependencies:
    vue-class-component "^7.1.0"
