# THIS IS AN AUTOGENERATED FILE. DO NOT EDIT THIS FILE DIRECTLY.
# yarn lockfile v1


"@dcloudio/uni-ui@^1.1.8":
  version "1.1.8"
  resolved "https://registry.npm.taobao.org/@dcloudio/uni-ui/download/@dcloudio/uni-ui-1.1.8.tgz#66d112d8c9104835e635f293a82d760aacb2733d"
  integrity sha1-ZtES2MkQSDXmNfKTqC12Cqyycz0=
