# THIS IS AN AUTOGENERATED FILE. DO NOT EDIT THIS FILE DIRECTLY.
# yarn lockfile v1


"@dcloudio/uni-ui@^1.1.8":
  version "1.1.8"
  resolved "https://registry.npm.taobao.org/@dcloudio/uni-ui/download/@dcloudio/uni-ui-1.1.8.tgz#66d112d8c9104835e635f293a82d760aacb2733d"
  integrity sha1-ZtES2MkQSDXmNfKTqC12Cqyycz0=

arr-diff@^1.1.0:
  version "1.1.0"
  resolved "https://registry.npm.taobao.org/arr-diff/download/arr-diff-1.1.0.tgz#687c32758163588fef7de7b36fabe495eb1a399a"
  integrity sha1-aHwydYFjWI/vfeezb6vklesaOZo=
  dependencies:
    arr-flatten "^1.0.1"
    array-slice "^0.2.3"

arr-flatten@^1.0.1:
  version "1.1.0"
  resolved "https://registry.npm.taobao.org/arr-flatten/download/arr-flatten-1.1.0.tgz#36048bbff4e7b47e136644316c99669ea5ae91f1"
  integrity sha1-NgSLv/TntH4TZkQxbJlmnqWukfE=

array-slice@^0.2.3:
  version "0.2.3"
  resolved "https://registry.npm.taobao.org/array-slice/download/array-slice-0.2.3.tgz#dd3cfb80ed7973a75117cdac69b0b99ec86186f5"
  integrity sha1-3Tz7gO15c6dRF82sabC5nshhhvU=

array-unique@^0.2.1:
  version "0.2.1"
  resolved "https://registry.npm.taobao.org/array-unique/download/array-unique-0.2.1.tgz#a1d97ccafcbc2625cc70fadceb36a50c58b01a53"
  integrity sha1-odl8yvy8JiXMcPrc6zalDFiwGlM=

array-xor@^0.1.1:
  version "0.1.1"
  resolved "https://registry.npm.taobao.org/array-xor/download/array-xor-0.1.1.tgz#688bb6d96c4880fa767e71f5059d2a7f09363f95"
  integrity sha1-aIu22WxIgPp2fnH1BZ0qfwk2P5U=
  dependencies:
    arr-diff "^1.1.0"
    array-unique "^0.2.1"

uni-request@^1.0.2:
  version "1.0.2"
  resolved "https://registry.npm.taobao.org/uni-request/download/uni-request-1.0.2.tgz#aa276b1e86d5822e4a747a48464892274487dc52"
  integrity sha1-qidrHobVgi5KdHpIRkiSJ0SH3FI=
